// !$*UTF8*$!
{
	archiveVersion = 1;
	classes = {
	};
	objectVersion = 46;
	objects = {

/* Begin PBXBuildFile section */
		716B67DA1D6E84070058E545 /* main.m in Sources */ = {isa = PBXBuildFile; fileRef = 716B67D91D6E84070058E545 /* main.m */; };
		716B67DD1D6E84070058E545 /* AppDelegate.m in Sources */ = {isa = PBXBuildFile; fileRef = 716B67DC1D6E84070058E545 /* AppDelegate.m */; };
		716B67E01D6E84070058E545 /* ViewController.m in Sources */ = {isa = PBXBuildFile; fileRef = 716B67DF1D6E84070058E545 /* ViewController.m */; };
		716B67E31D6E84070058E545 /* Main.storyboard in Resources */ = {isa = PBXBuildFile; fileRef = 716B67E11D6E84070058E545 /* Main.storyboard */; };
		716B67E51D6E84070058E545 /* Assets.xcassets in Resources */ = {isa = PBXBuildFile; fileRef = 716B67E41D6E84070058E545 /* Assets.xcassets */; };
		716B67E81D6E84070058E545 /* LaunchScreen.storyboard in Resources */ = {isa = PBXBuildFile; fileRef = 716B67E61D6E84070058E545 /* LaunchScreen.storyboard */; };
		716B67F21D6E8BB10058E545 /* XNAlertView.m in Sources */ = {isa = PBXBuildFile; fileRef = 716B67F11D6E8BB10058E545 /* XNAlertView.m */; };
		716B67F51D6E950B0058E545 /* UIView+EasyShow.m in Sources */ = {isa = PBXBuildFile; fileRef = 716B67F41D6E950B0058E545 /* UIView+EasyShow.m */; };
/* End PBXBuildFile section */

/* Begin PBXFileReference section */
		716B67D51D6E84070058E545 /* XNAlertViewDemo.app */ = {isa = PBXFileReference; explicitFileType = wrapper.application; includeInIndex = 0; path = XNAlertViewDemo.app; sourceTree = BUILT_PRODUCTS_DIR; };
		716B67D91D6E84070058E545 /* main.m */ = {isa = PBXFileReference; lastKnownFileType = sourcecode.c.objc; path = main.m; sourceTree = "<group>"; };
		716B67DB1D6E84070058E545 /* AppDelegate.h */ = {isa = PBXFileReference; lastKnownFileType = sourcecode.c.h; path = AppDelegate.h; sourceTree = "<group>"; };
		716B67DC1D6E84070058E545 /* AppDelegate.m */ = {isa = PBXFileReference; lastKnownFileType = sourcecode.c.objc; path = AppDelegate.m; sourceTree = "<group>"; };
		716B67DE1D6E84070058E545 /* ViewController.h */ = {isa = PBXFileReference; lastKnownFileType = sourcecode.c.h; path = ViewController.h; sourceTree = "<group>"; };
		716B67DF1D6E84070058E545 /* ViewController.m */ = {isa = PBXFileReference; lastKnownFileType = sourcecode.c.objc; path = ViewController.m; sourceTree = "<group>"; };
		716B67E21D6E84070058E545 /* Base */ = {isa = PBXFileReference; lastKnownFileType = file.storyboard; name = Base; path = Base.lproj/Main.storyboard; sourceTree = "<group>"; };
		716B67E41D6E84070058E545 /* Assets.xcassets */ = {isa = PBXFileReference; lastKnownFileType = folder.assetcatalog; path = Assets.xcassets; sourceTree = "<group>"; };
		716B67E71D6E84070058E545 /* Base */ = {isa = PBXFileReference; lastKnownFileType = file.storyboard; name = Base; path = Base.lproj/LaunchScreen.storyboard; sourceTree = "<group>"; };
		716B67E91D6E84070058E545 /* Info.plist */ = {isa = PBXFileReference; lastKnownFileType = text.plist.xml; path = Info.plist; sourceTree = "<group>"; };
		716B67F01D6E8BB10058E545 /* XNAlertView.h */ = {isa = PBXFileReference; fileEncoding = 4; lastKnownFileType = sourcecode.c.h; path = XNAlertView.h; sourceTree = "<group>"; };
		716B67F11D6E8BB10058E545 /* XNAlertView.m */ = {isa = PBXFileReference; fileEncoding = 4; lastKnownFileType = sourcecode.c.objc; path = XNAlertView.m; sourceTree = "<group>"; };
		716B67F31D6E950B0058E545 /* UIView+EasyShow.h */ = {isa = PBXFileReference; fileEncoding = 4; lastKnownFileType = sourcecode.c.h; path = "UIView+EasyShow.h"; sourceTree = "<group>"; };
		716B67F41D6E950B0058E545 /* UIView+EasyShow.m */ = {isa = PBXFileReference; fileEncoding = 4; lastKnownFileType = sourcecode.c.objc; path = "UIView+EasyShow.m"; sourceTree = "<group>"; };
/* End PBXFileReference section */

/* Begin PBXFrameworksBuildPhase section */
		716B67D21D6E84070058E545 /* Frameworks */ = {
			isa = PBXFrameworksBuildPhase;
			buildActionMask = 2147483647;
			files = (
			);
			runOnlyForDeploymentPostprocessing = 0;
		};
/* End PBXFrameworksBuildPhase section */

/* Begin PBXGroup section */
		716B67CC1D6E84070058E545 = {
			isa = PBXGroup;
			children = (
				716B67D71D6E84070058E545 /* XNAlertViewDemo */,
				716B67D61D6E84070058E545 /* Products */,
			);
			sourceTree = "<group>";
		};
		716B67D61D6E84070058E545 /* Products */ = {
			isa = PBXGroup;
			children = (
				716B67D51D6E84070058E545 /* XNAlertViewDemo.app */,
			);
			name = Products;
			sourceTree = "<group>";
		};
		716B67D71D6E84070058E545 /* XNAlertViewDemo */ = {
			isa = PBXGroup;
			children = (
				716B67EF1D6E8B9E0058E545 /* XNAlertView */,
				716B67DB1D6E84070058E545 /* AppDelegate.h */,
				716B67DC1D6E84070058E545 /* AppDelegate.m */,
				716B67DE1D6E84070058E545 /* ViewController.h */,
				716B67DF1D6E84070058E545 /* ViewController.m */,
				716B67E11D6E84070058E545 /* Main.storyboard */,
				716B67E41D6E84070058E545 /* Assets.xcassets */,
				716B67E61D6E84070058E545 /* LaunchScreen.storyboard */,
				716B67E91D6E84070058E545 /* Info.plist */,
				716B67D81D6E84070058E545 /* Supporting Files */,
			);
			path = XNAlertViewDemo;
			sourceTree = "<group>";
		};
		716B67D81D6E84070058E545 /* Supporting Files */ = {
			isa = PBXGroup;
			children = (
				716B67D91D6E84070058E545 /* main.m */,
			);
			name = "Supporting Files";
			sourceTree = "<group>";
		};
		716B67EF1D6E8B9E0058E545 /* XNAlertView */ = {
			isa = PBXGroup;
			children = (
				716B67F31D6E950B0058E545 /* UIView+EasyShow.h */,
				716B67F41D6E950B0058E545 /* UIView+EasyShow.m */,
				716B67F01D6E8BB10058E545 /* XNAlertView.h */,
				716B67F11D6E8BB10058E545 /* XNAlertView.m */,
			);
			path = XNAlertView;
			sourceTree = "<group>";
		};
/* End PBXGroup section */

/* Begin PBXNativeTarget section */
		716B67D41D6E84070058E545 /* XNAlertViewDemo */ = {
			isa = PBXNativeTarget;
			buildConfigurationList = 716B67EC1D6E84070058E545 /* Build configuration list for PBXNativeTarget "XNAlertViewDemo" */;
			buildPhases = (
				716B67D11D6E84070058E545 /* Sources */,
				716B67D21D6E84070058E545 /* Frameworks */,
				716B67D31D6E84070058E545 /* Resources */,
			);
			buildRules = (
			);
			dependencies = (
			);
			name = XNAlertViewDemo;
			productName = XNAlertViewDemo;
			productReference = 716B67D51D6E84070058E545 /* XNAlertViewDemo.app */;
			productType = "com.apple.product-type.application";
		};
/* End PBXNativeTarget section */

/* Begin PBXProject section */
		716B67CD1D6E84070058E545 /* Project object */ = {
			isa = PBXProject;
			attributes = {
				LastUpgradeCheck = 0730;
				ORGANIZATIONNAME = xunan;
				TargetAttributes = {
					716B67D41D6E84070058E545 = {
						CreatedOnToolsVersion = 7.3;
					};
				};
			};
			buildConfigurationList = 716B67D01D6E84070058E545 /* Build configuration list for PBXProject "XNAlertViewDemo" */;
			compatibilityVersion = "Xcode 3.2";
			developmentRegion = English;
			hasScannedForEncodings = 0;
			knownRegions = (
				en,
				Base,
			);
			mainGroup = 716B67CC1D6E84070058E545;
			productRefGroup = 716B67D61D6E84070058E545 /* Products */;
			projectDirPath = "";
			projectRoot = "";
			targets = (
				716B67D41D6E84070058E545 /* XNAlertViewDemo */,
			);
		};
/* End PBXProject section */

/* Begin PBXResourcesBuildPhase section */
		716B67D31D6E84070058E545 /* Resources */ = {
			isa = PBXResourcesBuildPhase;
			buildActionMask = 2147483647;
			files = (
				716B67E81D6E84070058E545 /* LaunchScreen.storyboard in Resources */,
				716B67E51D6E84070058E545 /* Assets.xcassets in Resources */,
				716B67E31D6E84070058E545 /* Main.storyboard in Resources */,
			);
			runOnlyForDeploymentPostprocessing = 0;
		};
/* End PBXResourcesBuildPhase section */

/* Begin PBXSourcesBuildPhase section */
		716B67D11D6E84070058E545 /* Sources */ = {
			isa = PBXSourcesBuildPhase;
			buildActionMask = 2147483647;
			files = (
				716B67E01D6E84070058E545 /* ViewController.m in Sources */,
				716B67F21D6E8BB10058E545 /* XNAlertView.m in Sources */,
				716B67F51D6E950B0058E545 /* UIView+EasyShow.m in Sources */,
				716B67DD1D6E84070058E545 /* AppDelegate.m in Sources */,
				716B67DA1D6E84070058E545 /* main.m in Sources */,
			);
			runOnlyForDeploymentPostprocessing = 0;
		};
/* End PBXSourcesBuildPhase section */

/* Begin PBXVariantGroup section */
		716B67E11D6E84070058E545 /* Main.storyboard */ = {
			isa = PBXVariantGroup;
			children = (
				716B67E21D6E84070058E545 /* Base */,
			);
			name = Main.storyboard;
			sourceTree = "<group>";
		};
		716B67E61D6E84070058E545 /* LaunchScreen.storyboard */ = {
			isa = PBXVariantGroup;
			children = (
				716B67E71D6E84070058E545 /* Base */,
			);
			name = LaunchScreen.storyboard;
			sourceTree = "<group>";
		};
/* End PBXVariantGroup section */

/* Begin XCBuildConfiguration section */
		716B67EA1D6E84070058E545 /* Debug */ = {
			isa = XCBuildConfiguration;
			buildSettings = {
				ALWAYS_SEARCH_USER_PATHS = NO;
				CLANG_ANALYZER_NONNULL = YES;
				CLANG_CXX_LANGUAGE_STANDARD = "gnu++0x";
				CLANG_CXX_LIBRARY = "libc++";
				CLANG_ENABLE_MODULES = YES;
				CLANG_ENABLE_OBJC_ARC = YES;
				CLANG_WARN_BOOL_CONVERSION = YES;
				CLANG_WARN_CONSTANT_CONVERSION = YES;
				CLANG_WARN_DIRECT_OBJC_ISA_USAGE = YES_ERROR;
				CLANG_WARN_EMPTY_BODY = YES;
				CLANG_WARN_ENUM_CONVERSION = YES;
				CLANG_WARN_INT_CONVERSION = YES;
				CLANG_WARN_OBJC_ROOT_CLASS = YES_ERROR;
				CLANG_WARN_UNREACHABLE_CODE = YES;
				CLANG_WARN__DUPLICATE_METHOD_MATCH = YES;
				"CODE_SIGN_IDENTITY[sdk=iphoneos*]" = "iPhone Developer";
				COPY_PHASE_STRIP = NO;
				DEBUG_INFORMATION_FORMAT = dwarf;
				ENABLE_STRICT_OBJC_MSGSEND = YES;
				ENABLE_TESTABILITY = YES;
				GCC_C_LANGUAGE_STANDARD = gnu99;
				GCC_DYNAMIC_NO_PIC = NO;
				GCC_NO_COMMON_BLOCKS = YES;
				GCC_OPTIMIZATION_LEVEL = 0;
				GCC_PREPROCESSOR_DEFINITIONS = (
					"DEBUG=1",
					"$(inherited)",
				);
				GCC_WARN_64_TO_32_BIT_CONVERSION = YES;
				GCC_WARN_ABOUT_RETURN_TYPE = YES_ERROR;
				GCC_WARN_UNDECLARED_SELECTOR = YES;
				GCC_WARN_UNINITIALIZED_AUTOS = YES_AGGRESSIVE;
				GCC_WARN_UNUSED_FUNCTION = YES;
				GCC_WARN_UNUSED_VARIABLE = YES;
				IPHONEOS_DEPLOYMENT_TARGET = 9.3;
				MTL_ENABLE_DEBUG_INFO = YES;
				ONLY_ACTIVE_ARCH = YES;
				SDKROOT = iphoneos;
			};
			name = Debug;
		};
		716B67EB1D6E84070058E545 /* Release */ = {
			isa = XCBuildConfiguration;
			buildSettings = {
				ALWAYS_SEARCH_USER_PATHS = NO;
				CLANG_ANALYZER_NONNULL = YES;
				CLANG_CXX_LANGUAGE_STANDARD = "gnu++0x";
				CLANG_CXX_LIBRARY = "libc++";
				CLANG_ENABLE_MODULES = YES;
				CLANG_ENABLE_OBJC_ARC = YES;
				CLANG_WARN_BOOL_CONVERSION = YES;
				CLANG_WARN_CONSTANT_CONVERSION = YES;
				CLANG_WARN_DIRECT_OBJC_ISA_USAGE = YES_ERROR;
				CLANG_WARN_EMPTY_BODY = YES;
				CLANG_WARN_ENUM_CONVERSION = YES;
				CLANG_WARN_INT_CONVERSION = YES;
				CLANG_WARN_OBJC_ROOT_CLASS = YES_ERROR;
				CLANG_WARN_UNREACHABLE_CODE = YES;
				CLANG_WARN__DUPLICATE_METHOD_MATCH = YES;
				"CODE_SIGN_IDENTITY[sdk=iphoneos*]" = "iPhone Developer";
				COPY_PHASE_STRIP = NO;
				DEBUG_INFORMATION_FORMAT = "dwarf-with-dsym";
				ENABLE_NS_ASSERTIONS = NO;
				ENABLE_STRICT_OBJC_MSGSEND = YES;
				GCC_C_LANGUAGE_STANDARD = gnu99;
				GCC_NO_COMMON_BLOCKS = YES;
				GCC_WARN_64_TO_32_BIT_CONVERSION = YES;
				GCC_WARN_ABOUT_RETURN_TYPE = YES_ERROR;
				GCC_WARN_UNDECLARED_SELECTOR = YES;
				GCC_WARN_UNINITIALIZED_AUTOS = YES_AGGRESSIVE;
				GCC_WARN_UNUSED_FUNCTION = YES;
				GCC_WARN_UNUSED_VARIABLE = YES;
				IPHONEOS_DEPLOYMENT_TARGET = 9.3;
				MTL_ENABLE_DEBUG_INFO = NO;
				SDKROOT = iphoneos;
				VALIDATE_PRODUCT = YES;
			};
			name = Release;
		};
		716B67ED1D6E84070058E545 /* Debug */ = {
			isa = XCBuildConfiguration;
			buildSettings = {
				ASSETCATALOG_COMPILER_APPICON_NAME = AppIcon;
				INFOPLIST_FILE = XNAlertViewDemo/Info.plist;
				LD_RUNPATH_SEARCH_PATHS = "$(inherited) @executable_path/Frameworks";
				PRODUCT_BUNDLE_IDENTIFIER = com.XNAlertViewDemo;
				PRODUCT_NAME = "$(TARGET_NAME)";
			};
			name = Debug;
		};
		716B67EE1D6E84070058E545 /* Release */ = {
			isa = XCBuildConfiguration;
			buildSettings = {
				ASSETCATALOG_COMPILER_APPICON_NAME = AppIcon;
				INFOPLIST_FILE = XNAlertViewDemo/Info.plist;
				LD_RUNPATH_SEARCH_PATHS = "$(inherited) @executable_path/Frameworks";
				PRODUCT_BUNDLE_IDENTIFIER = com.XNAlertViewDemo;
				PRODUCT_NAME = "$(TARGET_NAME)";
			};
			name = Release;
		};
/* End XCBuildConfiguration section */

/* Begin XCConfigurationList section */
		716B67D01D6E84070058E545 /* Build configuration list for PBXProject "XNAlertViewDemo" */ = {
			isa = XCConfigurationList;
			buildConfigurations = (
				716B67EA1D6E84070058E545 /* Debug */,
				716B67EB1D6E84070058E545 /* Release */,
			);
			defaultConfigurationIsVisible = 0;
			defaultConfigurationName = Release;
		};
		716B67EC1D6E84070058E545 /* Build configuration list for PBXNativeTarget "XNAlertViewDemo" */ = {
			isa = XCConfigurationList;
			buildConfigurations = (
				716B67ED1D6E84070058E545 /* Debug */,
				716B67EE1D6E84070058E545 /* Release */,
			);
			defaultConfigurationIsVisible = 0;
		};
/* End XCConfigurationList section */
	};
	rootObject = 716B67CD1D6E84070058E545 /* Project object */;
}
